
Microsoft Visual Studio Solution File, Format Version 12.00
# Visual Studio 2012
Project("{FAE04EC0-301F-11D3-BF4B-00C04F79EFBC}") = "Kanc.Tests", "Kanc.Tests\Kanc.Tests.csproj", "{234B5A62-DDC2-49CC-B8B6-3FE85D335A7F}"
EndProject
Project("{FAE04EC0-301F-11D3-BF4B-00C04F79EFBC}") = "Kanc.UI", "Kanc.UI\Kanc.UI.csproj", "{774F7D5E-63EF-4FB9-8AED-232109DDD3A8}"
EndProject
Project("{FAE04EC0-301F-11D3-BF4B-00C04F79EFBC}") = "Kanc.Core", "Kanc.Core\Kanc.Core.csproj", "{F493329A-8316-4647-94D6-CCBC9E1949C6}"
EndProject
Project("{2150E333-8FDC-42A3-9474-1A3956D46DE8}") = "ThirdParties", "ThirdParties", "{4F177005-F63D-4FE1-B512-B0E177C676E7}"
	ProjectSection(SolutionItems) = preProject
		initScript.sql = initScript.sql
	EndProjectSection
EndProject
Project("{FAE04EC0-301F-11D3-BF4B-00C04F79EFBC}") = "Kanc.UI.Tests", "Kanc.UI.Tests\Kanc.UI.Tests.csproj", "{18A8E4F6-60A7-46AB-810E-96AC7E6A31E1}"
EndProject
Project("{FAE04EC0-301F-11D3-BF4B-00C04F79EFBC}") = "NHibernate.Validator.Binding", "ThirdParties\NHibernate.Validator.Binding\NHibernate.Validator.Binding.csproj", "{241F53B6-E2FD-4D6F-B000-258BFAF4B806}"
EndProject
Project("{FAE04EC0-301F-11D3-BF4B-00C04F79EFBC}") = "Kanc.Commons", "Kanc.Commons\Kanc.Commons.csproj", "{A9EE3F5C-2B0A-4B3F-A597-5088EDB4BD0B}"
EndProject
Project("{FAE04EC0-301F-11D3-BF4B-00C04F79EFBC}") = "NHibernate.Validator", "ThirdParties\NHibernate.Validator\src\NHibernate.Validator\NHibernate.Validator.csproj", "{599516E0-E10D-4F44-B5E1-B7B67EFC931A}"
EndProject
Project("{FAE04EC0-301F-11D3-BF4B-00C04F79EFBC}") = "NHibernate.Validator.Specific", "ThirdParties\NHibernate.Validator\src\NHibernate.Validator.Specific\NHibernate.Validator.Specific.csproj", "{F23C735C-50FE-4932-9C10-F48FCECC0DCF}"
EndProject
Project("{FAE04EC0-301F-11D3-BF4B-00C04F79EFBC}") = "Kanc.ExtractPdfFields", "Kanc.ExtractPdfFields\Kanc.ExtractPdfFields.csproj", "{B53FB937-C0B1-477E-94E0-17CFFC028F0A}"
EndProject
Project("{2150E333-8FDC-42A3-9474-1A3956D46DE8}") = "others", "others", "{FD881F60-F2C1-4570-88DE-D934426DB08D}"
EndProject
Project("{FAE04EC0-301F-11D3-BF4B-00C04F79EFBC}") = "Kanc.MVP", "Kanc.MVP\Kanc.MVP.csproj", "{1AFC2A6D-E4B9-4450-9CE0-879E0D42A296}"
EndProject
Project("{2150E333-8FDC-42A3-9474-1A3956D46DE8}") = "oldUI", "oldUI", "{5D05AAED-8D35-497D-9E4C-43F622265607}"
EndProject
Project("{FAE04EC0-301F-11D3-BF4B-00C04F79EFBC}") = "MVCSharp", "ThirdParties\MVCSharp\MVCSharp.csproj", "{C04A36B0-4A58-45D4-B95B-A4A58AFEBC95}"
EndProject
Project("{FAE04EC0-301F-11D3-BF4B-00C04F79EFBC}") = "MVCSharp.Tests", "ThirdParties\MVCSharp.Tests\MVCSharp.Tests.csproj", "{CCE46EF6-FAAC-40B9-AF1E-10B71BB6D54C}"
EndProject
Project("{FAE04EC0-301F-11D3-BF4B-00C04F79EFBC}") = "Kanc.MVP.Core", "Kanc.MVP.Core\Kanc.MVP.Core.csproj", "{84110644-F4FA-4158-916D-2F5089781708}"
EndProject
Project("{FAE04EC0-301F-11D3-BF4B-00C04F79EFBC}") = "Kanc.MVP.Tests", "Kanc.MVP.Tests\Kanc.MVP.Tests.csproj", "{9F207B9E-4F20-4FDD-BC43-40DF417E526C}"
EndProject
Project("{2150E333-8FDC-42A3-9474-1A3956D46DE8}") = ".nuget", ".nuget", "{21BAEF1D-006D-4E79-8668-9FBB2B0498FB}"
	ProjectSection(SolutionItems) = preProject
		.nuget\NuGet.Config = .nuget\NuGet.Config
		.nuget\NuGet.exe = .nuget\NuGet.exe
		.nuget\NuGet.targets = .nuget\NuGet.targets
	EndProjectSection
EndProject
Project("{FAE04EC0-301F-11D3-BF4B-00C04F79EFBC}") = "Utils", "Utils\Utils.csproj", "{4652A77F-C220-4294-974E-FB622CD8329D}"
EndProject
Global
	GlobalSection(SolutionConfigurationPlatforms) = preSolution
		Debug|Any CPU = Debug|Any CPU
		Debug|Mixed Platforms = Debug|Mixed Platforms
		Debug|x86 = Debug|x86
		Release|Any CPU = Release|Any CPU
		Release|Mixed Platforms = Release|Mixed Platforms
		Release|x86 = Release|x86
	EndGlobalSection
	GlobalSection(ProjectConfigurationPlatforms) = postSolution
		{234B5A62-DDC2-49CC-B8B6-3FE85D335A7F}.Debug|Any CPU.ActiveCfg = Debug|Any CPU
		{234B5A62-DDC2-49CC-B8B6-3FE85D335A7F}.Debug|Any CPU.Build.0 = Debug|Any CPU
		{234B5A62-DDC2-49CC-B8B6-3FE85D335A7F}.Debug|Mixed Platforms.ActiveCfg = Debug|Any CPU
		{234B5A62-DDC2-49CC-B8B6-3FE85D335A7F}.Debug|Mixed Platforms.Build.0 = Debug|Any CPU
		{234B5A62-DDC2-49CC-B8B6-3FE85D335A7F}.Debug|x86.ActiveCfg = Debug|Any CPU
		{234B5A62-DDC2-49CC-B8B6-3FE85D335A7F}.Release|Any CPU.ActiveCfg = Release|Any CPU
		{234B5A62-DDC2-49CC-B8B6-3FE85D335A7F}.Release|Any CPU.Build.0 = Release|Any CPU
		{234B5A62-DDC2-49CC-B8B6-3FE85D335A7F}.Release|Mixed Platforms.ActiveCfg = Release|Any CPU
		{234B5A62-DDC2-49CC-B8B6-3FE85D335A7F}.Release|Mixed Platforms.Build.0 = Release|Any CPU
		{234B5A62-DDC2-49CC-B8B6-3FE85D335A7F}.Release|x86.ActiveCfg = Release|Any CPU
		{774F7D5E-63EF-4FB9-8AED-232109DDD3A8}.Debug|Any CPU.ActiveCfg = Debug|x86
		{774F7D5E-63EF-4FB9-8AED-232109DDD3A8}.Debug|Mixed Platforms.ActiveCfg = Debug|x86
		{774F7D5E-63EF-4FB9-8AED-232109DDD3A8}.Debug|Mixed Platforms.Build.0 = Debug|x86
		{774F7D5E-63EF-4FB9-8AED-232109DDD3A8}.Debug|x86.ActiveCfg = Debug|x86
		{774F7D5E-63EF-4FB9-8AED-232109DDD3A8}.Debug|x86.Build.0 = Debug|x86
		{774F7D5E-63EF-4FB9-8AED-232109DDD3A8}.Release|Any CPU.ActiveCfg = Release|x86
		{774F7D5E-63EF-4FB9-8AED-232109DDD3A8}.Release|Mixed Platforms.ActiveCfg = Release|x86
		{774F7D5E-63EF-4FB9-8AED-232109DDD3A8}.Release|Mixed Platforms.Build.0 = Release|x86
		{774F7D5E-63EF-4FB9-8AED-232109DDD3A8}.Release|x86.ActiveCfg = Release|x86
		{774F7D5E-63EF-4FB9-8AED-232109DDD3A8}.Release|x86.Build.0 = Release|x86
		{F493329A-8316-4647-94D6-CCBC9E1949C6}.Debug|Any CPU.ActiveCfg = Debug|Any CPU
		{F493329A-8316-4647-94D6-CCBC9E1949C6}.Debug|Any CPU.Build.0 = Debug|Any CPU
		{F493329A-8316-4647-94D6-CCBC9E1949C6}.Debug|Mixed Platforms.ActiveCfg = Debug|Any CPU
		{F493329A-8316-4647-94D6-CCBC9E1949C6}.Debug|Mixed Platforms.Build.0 = Debug|Any CPU
		{F493329A-8316-4647-94D6-CCBC9E1949C6}.Debug|x86.ActiveCfg = Debug|Any CPU
		{F493329A-8316-4647-94D6-CCBC9E1949C6}.Release|Any CPU.ActiveCfg = Release|Any CPU
		{F493329A-8316-4647-94D6-CCBC9E1949C6}.Release|Any CPU.Build.0 = Release|Any CPU
		{F493329A-8316-4647-94D6-CCBC9E1949C6}.Release|Mixed Platforms.ActiveCfg = Release|Any CPU
		{F493329A-8316-4647-94D6-CCBC9E1949C6}.Release|Mixed Platforms.Build.0 = Release|Any CPU
		{F493329A-8316-4647-94D6-CCBC9E1949C6}.Release|x86.ActiveCfg = Release|Any CPU
		{18A8E4F6-60A7-46AB-810E-96AC7E6A31E1}.Debug|Any CPU.ActiveCfg = Debug|x86
		{18A8E4F6-60A7-46AB-810E-96AC7E6A31E1}.Debug|Mixed Platforms.ActiveCfg = Debug|x86
		{18A8E4F6-60A7-46AB-810E-96AC7E6A31E1}.Debug|Mixed Platforms.Build.0 = Debug|x86
		{18A8E4F6-60A7-46AB-810E-96AC7E6A31E1}.Debug|x86.ActiveCfg = Debug|x86
		{18A8E4F6-60A7-46AB-810E-96AC7E6A31E1}.Debug|x86.Build.0 = Debug|x86
		{18A8E4F6-60A7-46AB-810E-96AC7E6A31E1}.Release|Any CPU.ActiveCfg = Release|x86
		{18A8E4F6-60A7-46AB-810E-96AC7E6A31E1}.Release|Mixed Platforms.ActiveCfg = Release|x86
		{18A8E4F6-60A7-46AB-810E-96AC7E6A31E1}.Release|Mixed Platforms.Build.0 = Release|x86
		{18A8E4F6-60A7-46AB-810E-96AC7E6A31E1}.Release|x86.ActiveCfg = Release|x86
		{18A8E4F6-60A7-46AB-810E-96AC7E6A31E1}.Release|x86.Build.0 = Release|x86
		{241F53B6-E2FD-4D6F-B000-258BFAF4B806}.Debug|Any CPU.ActiveCfg = Debug|Any CPU
		{241F53B6-E2FD-4D6F-B000-258BFAF4B806}.Debug|Any CPU.Build.0 = Debug|Any CPU
		{241F53B6-E2FD-4D6F-B000-258BFAF4B806}.Debug|Mixed Platforms.ActiveCfg = Debug|Any CPU
		{241F53B6-E2FD-4D6F-B000-258BFAF4B806}.Debug|Mixed Platforms.Build.0 = Debug|Any CPU
		{241F53B6-E2FD-4D6F-B000-258BFAF4B806}.Debug|x86.ActiveCfg = Debug|Any CPU
		{241F53B6-E2FD-4D6F-B000-258BFAF4B806}.Release|Any CPU.ActiveCfg = Release|Any CPU
		{241F53B6-E2FD-4D6F-B000-258BFAF4B806}.Release|Any CPU.Build.0 = Release|Any CPU
		{241F53B6-E2FD-4D6F-B000-258BFAF4B806}.Release|Mixed Platforms.ActiveCfg = Release|Any CPU
		{241F53B6-E2FD-4D6F-B000-258BFAF4B806}.Release|Mixed Platforms.Build.0 = Release|Any CPU
		{241F53B6-E2FD-4D6F-B000-258BFAF4B806}.Release|x86.ActiveCfg = Release|Any CPU
		{A9EE3F5C-2B0A-4B3F-A597-5088EDB4BD0B}.Debug|Any CPU.ActiveCfg = Debug|Any CPU
		{A9EE3F5C-2B0A-4B3F-A597-5088EDB4BD0B}.Debug|Any CPU.Build.0 = Debug|Any CPU
		{A9EE3F5C-2B0A-4B3F-A597-5088EDB4BD0B}.Debug|Mixed Platforms.ActiveCfg = Debug|Any CPU
		{A9EE3F5C-2B0A-4B3F-A597-5088EDB4BD0B}.Debug|Mixed Platforms.Build.0 = Debug|Any CPU
		{A9EE3F5C-2B0A-4B3F-A597-5088EDB4BD0B}.Debug|x86.ActiveCfg = Debug|Any CPU
		{A9EE3F5C-2B0A-4B3F-A597-5088EDB4BD0B}.Release|Any CPU.ActiveCfg = Release|Any CPU
		{A9EE3F5C-2B0A-4B3F-A597-5088EDB4BD0B}.Release|Any CPU.Build.0 = Release|Any CPU
		{A9EE3F5C-2B0A-4B3F-A597-5088EDB4BD0B}.Release|Mixed Platforms.ActiveCfg = Release|Any CPU
		{A9EE3F5C-2B0A-4B3F-A597-5088EDB4BD0B}.Release|Mixed Platforms.Build.0 = Release|Any CPU
		{A9EE3F5C-2B0A-4B3F-A597-5088EDB4BD0B}.Release|x86.ActiveCfg = Release|Any CPU
		{599516E0-E10D-4F44-B5E1-B7B67EFC931A}.Debug|Any CPU.ActiveCfg = Debug|Any CPU
		{599516E0-E10D-4F44-B5E1-B7B67EFC931A}.Debug|Any CPU.Build.0 = Debug|Any CPU
		{599516E0-E10D-4F44-B5E1-B7B67EFC931A}.Debug|Mixed Platforms.ActiveCfg = Debug|Any CPU
		{599516E0-E10D-4F44-B5E1-B7B67EFC931A}.Debug|Mixed Platforms.Build.0 = Debug|Any CPU
		{599516E0-E10D-4F44-B5E1-B7B67EFC931A}.Debug|x86.ActiveCfg = Debug|Any CPU
		{599516E0-E10D-4F44-B5E1-B7B67EFC931A}.Release|Any CPU.ActiveCfg = Release|Any CPU
		{599516E0-E10D-4F44-B5E1-B7B67EFC931A}.Release|Any CPU.Build.0 = Release|Any CPU
		{599516E0-E10D-4F44-B5E1-B7B67EFC931A}.Release|Mixed Platforms.ActiveCfg = Release|Any CPU
		{599516E0-E10D-4F44-B5E1-B7B67EFC931A}.Release|Mixed Platforms.Build.0 = Release|Any CPU
		{599516E0-E10D-4F44-B5E1-B7B67EFC931A}.Release|x86.ActiveCfg = Release|Any CPU
		{F23C735C-50FE-4932-9C10-F48FCECC0DCF}.Debug|Any CPU.ActiveCfg = Debug|Any CPU
		{F23C735C-50FE-4932-9C10-F48FCECC0DCF}.Debug|Any CPU.Build.0 = Debug|Any CPU
		{F23C735C-50FE-4932-9C10-F48FCECC0DCF}.Debug|Mixed Platforms.ActiveCfg = Debug|Any CPU
		{F23C735C-50FE-4932-9C10-F48FCECC0DCF}.Debug|Mixed Platforms.Build.0 = Debug|Any CPU
		{F23C735C-50FE-4932-9C10-F48FCECC0DCF}.Debug|x86.ActiveCfg = Debug|Any CPU
		{F23C735C-50FE-4932-9C10-F48FCECC0DCF}.Release|Any CPU.ActiveCfg = Release|Any CPU
		{F23C735C-50FE-4932-9C10-F48FCECC0DCF}.Release|Any CPU.Build.0 = Release|Any CPU
		{F23C735C-50FE-4932-9C10-F48FCECC0DCF}.Release|Mixed Platforms.ActiveCfg = Release|Any CPU
		{F23C735C-50FE-4932-9C10-F48FCECC0DCF}.Release|Mixed Platforms.Build.0 = Release|Any CPU
		{F23C735C-50FE-4932-9C10-F48FCECC0DCF}.Release|x86.ActiveCfg = Release|Any CPU
		{B53FB937-C0B1-477E-94E0-17CFFC028F0A}.Debug|Any CPU.ActiveCfg = Debug|x86
		{B53FB937-C0B1-477E-94E0-17CFFC028F0A}.Debug|Mixed Platforms.ActiveCfg = Debug|x86
		{B53FB937-C0B1-477E-94E0-17CFFC028F0A}.Debug|Mixed Platforms.Build.0 = Debug|x86
		{B53FB937-C0B1-477E-94E0-17CFFC028F0A}.Debug|x86.ActiveCfg = Debug|x86
		{B53FB937-C0B1-477E-94E0-17CFFC028F0A}.Debug|x86.Build.0 = Debug|x86
		{B53FB937-C0B1-477E-94E0-17CFFC028F0A}.Release|Any CPU.ActiveCfg = Release|x86
		{B53FB937-C0B1-477E-94E0-17CFFC028F0A}.Release|Mixed Platforms.ActiveCfg = Release|x86
		{B53FB937-C0B1-477E-94E0-17CFFC028F0A}.Release|Mixed Platforms.Build.0 = Release|x86
		{B53FB937-C0B1-477E-94E0-17CFFC028F0A}.Release|x86.ActiveCfg = Release|x86
		{B53FB937-C0B1-477E-94E0-17CFFC028F0A}.Release|x86.Build.0 = Release|x86
		{1AFC2A6D-E4B9-4450-9CE0-879E0D42A296}.Debug|Any CPU.ActiveCfg = Debug|Any CPU
		{1AFC2A6D-E4B9-4450-9CE0-879E0D42A296}.Debug|Any CPU.Build.0 = Debug|Any CPU
		{1AFC2A6D-E4B9-4450-9CE0-879E0D42A296}.Debug|Mixed Platforms.ActiveCfg = Debug|Any CPU
		{1AFC2A6D-E4B9-4450-9CE0-879E0D42A296}.Debug|Mixed Platforms.Build.0 = Debug|Any CPU
		{1AFC2A6D-E4B9-4450-9CE0-879E0D42A296}.Debug|x86.ActiveCfg = Debug|Any CPU
		{1AFC2A6D-E4B9-4450-9CE0-879E0D42A296}.Release|Any CPU.ActiveCfg = Release|Any CPU
		{1AFC2A6D-E4B9-4450-9CE0-879E0D42A296}.Release|Any CPU.Build.0 = Release|Any CPU
		{1AFC2A6D-E4B9-4450-9CE0-879E0D42A296}.Release|Mixed Platforms.ActiveCfg = Release|Any CPU
		{1AFC2A6D-E4B9-4450-9CE0-879E0D42A296}.Release|Mixed Platforms.Build.0 = Release|Any CPU
		{1AFC2A6D-E4B9-4450-9CE0-879E0D42A296}.Release|x86.ActiveCfg = Release|Any CPU
		{C04A36B0-4A58-45D4-B95B-A4A58AFEBC95}.Debug|Any CPU.ActiveCfg = Debug|Any CPU
		{C04A36B0-4A58-45D4-B95B-A4A58AFEBC95}.Debug|Any CPU.Build.0 = Debug|Any CPU
		{C04A36B0-4A58-45D4-B95B-A4A58AFEBC95}.Debug|Mixed Platforms.ActiveCfg = Debug|Any CPU
		{C04A36B0-4A58-45D4-B95B-A4A58AFEBC95}.Debug|Mixed Platforms.Build.0 = Debug|Any CPU
		{C04A36B0-4A58-45D4-B95B-A4A58AFEBC95}.Debug|x86.ActiveCfg = Debug|Any CPU
		{C04A36B0-4A58-45D4-B95B-A4A58AFEBC95}.Release|Any CPU.ActiveCfg = Release|Any CPU
		{C04A36B0-4A58-45D4-B95B-A4A58AFEBC95}.Release|Any CPU.Build.0 = Release|Any CPU
		{C04A36B0-4A58-45D4-B95B-A4A58AFEBC95}.Release|Mixed Platforms.ActiveCfg = Release|Any CPU
		{C04A36B0-4A58-45D4-B95B-A4A58AFEBC95}.Release|Mixed Platforms.Build.0 = Release|Any CPU
		{C04A36B0-4A58-45D4-B95B-A4A58AFEBC95}.Release|x86.ActiveCfg = Release|Any CPU
		{CCE46EF6-FAAC-40B9-AF1E-10B71BB6D54C}.Debug|Any CPU.ActiveCfg = Debug|Any CPU
		{CCE46EF6-FAAC-40B9-AF1E-10B71BB6D54C}.Debug|Any CPU.Build.0 = Debug|Any CPU
		{CCE46EF6-FAAC-40B9-AF1E-10B71BB6D54C}.Debug|Mixed Platforms.ActiveCfg = Debug|Any CPU
		{CCE46EF6-FAAC-40B9-AF1E-10B71BB6D54C}.Debug|Mixed Platforms.Build.0 = Debug|Any CPU
		{CCE46EF6-FAAC-40B9-AF1E-10B71BB6D54C}.Debug|x86.ActiveCfg = Debug|Any CPU
		{CCE46EF6-FAAC-40B9-AF1E-10B71BB6D54C}.Release|Any CPU.ActiveCfg = Release|Any CPU
		{CCE46EF6-FAAC-40B9-AF1E-10B71BB6D54C}.Release|Any CPU.Build.0 = Release|Any CPU
		{CCE46EF6-FAAC-40B9-AF1E-10B71BB6D54C}.Release|Mixed Platforms.ActiveCfg = Release|Any CPU
		{CCE46EF6-FAAC-40B9-AF1E-10B71BB6D54C}.Release|Mixed Platforms.Build.0 = Release|Any CPU
		{CCE46EF6-FAAC-40B9-AF1E-10B71BB6D54C}.Release|x86.ActiveCfg = Release|Any CPU
		{84110644-F4FA-4158-916D-2F5089781708}.Debug|Any CPU.ActiveCfg = Debug|Any CPU
		{84110644-F4FA-4158-916D-2F5089781708}.Debug|Any CPU.Build.0 = Debug|Any CPU
		{84110644-F4FA-4158-916D-2F5089781708}.Debug|Mixed Platforms.ActiveCfg = Debug|Any CPU
		{84110644-F4FA-4158-916D-2F5089781708}.Debug|Mixed Platforms.Build.0 = Debug|Any CPU
		{84110644-F4FA-4158-916D-2F5089781708}.Debug|x86.ActiveCfg = Debug|Any CPU
		{84110644-F4FA-4158-916D-2F5089781708}.Release|Any CPU.ActiveCfg = Release|Any CPU
		{84110644-F4FA-4158-916D-2F5089781708}.Release|Any CPU.Build.0 = Release|Any CPU
		{84110644-F4FA-4158-916D-2F5089781708}.Release|Mixed Platforms.ActiveCfg = Release|Any CPU
		{84110644-F4FA-4158-916D-2F5089781708}.Release|Mixed Platforms.Build.0 = Release|Any CPU
		{84110644-F4FA-4158-916D-2F5089781708}.Release|x86.ActiveCfg = Release|Any CPU
		{9F207B9E-4F20-4FDD-BC43-40DF417E526C}.Debug|Any CPU.ActiveCfg = Debug|Any CPU
		{9F207B9E-4F20-4FDD-BC43-40DF417E526C}.Debug|Any CPU.Build.0 = Debug|Any CPU
		{9F207B9E-4F20-4FDD-BC43-40DF417E526C}.Debug|Mixed Platforms.ActiveCfg = Debug|Any CPU
		{9F207B9E-4F20-4FDD-BC43-40DF417E526C}.Debug|Mixed Platforms.Build.0 = Debug|Any CPU
		{9F207B9E-4F20-4FDD-BC43-40DF417E526C}.Debug|x86.ActiveCfg = Debug|Any CPU
		{9F207B9E-4F20-4FDD-BC43-40DF417E526C}.Release|Any CPU.ActiveCfg = Release|Any CPU
		{9F207B9E-4F20-4FDD-BC43-40DF417E526C}.Release|Any CPU.Build.0 = Release|Any CPU
		{9F207B9E-4F20-4FDD-BC43-40DF417E526C}.Release|Mixed Platforms.ActiveCfg = Release|Any CPU
		{9F207B9E-4F20-4FDD-BC43-40DF417E526C}.Release|Mixed Platforms.Build.0 = Release|Any CPU
		{9F207B9E-4F20-4FDD-BC43-40DF417E526C}.Release|x86.ActiveCfg = Release|Any CPU
		{4652A77F-C220-4294-974E-FB622CD8329D}.Debug|Any CPU.ActiveCfg = Debug|Any CPU
		{4652A77F-C220-4294-974E-FB622CD8329D}.Debug|Any CPU.Build.0 = Debug|Any CPU
		{4652A77F-C220-4294-974E-FB622CD8329D}.Debug|Mixed Platforms.ActiveCfg = Debug|Any CPU
		{4652A77F-C220-4294-974E-FB622CD8329D}.Debug|Mixed Platforms.Build.0 = Debug|Any CPU
		{4652A77F-C220-4294-974E-FB622CD8329D}.Debug|x86.ActiveCfg = Debug|Any CPU
		{4652A77F-C220-4294-974E-FB622CD8329D}.Release|Any CPU.ActiveCfg = Release|Any CPU
		{4652A77F-C220-4294-974E-FB622CD8329D}.Release|Any CPU.Build.0 = Release|Any CPU
		{4652A77F-C220-4294-974E-FB622CD8329D}.Release|Mixed Platforms.ActiveCfg = Release|Any CPU
		{4652A77F-C220-4294-974E-FB622CD8329D}.Release|Mixed Platforms.Build.0 = Release|Any CPU
		{4652A77F-C220-4294-974E-FB622CD8329D}.Release|x86.ActiveCfg = Release|Any CPU
	EndGlobalSection
	GlobalSection(SolutionProperties) = preSolution
		HideSolutionNode = FALSE
	EndGlobalSection
	GlobalSection(NestedProjects) = preSolution
		{774F7D5E-63EF-4FB9-8AED-232109DDD3A8} = {5D05AAED-8D35-497D-9E4C-43F622265607}
		{18A8E4F6-60A7-46AB-810E-96AC7E6A31E1} = {5D05AAED-8D35-497D-9E4C-43F622265607}
		{241F53B6-E2FD-4D6F-B000-258BFAF4B806} = {5D05AAED-8D35-497D-9E4C-43F622265607}
		{A9EE3F5C-2B0A-4B3F-A597-5088EDB4BD0B} = {5D05AAED-8D35-497D-9E4C-43F622265607}
		{599516E0-E10D-4F44-B5E1-B7B67EFC931A} = {5D05AAED-8D35-497D-9E4C-43F622265607}
		{F23C735C-50FE-4932-9C10-F48FCECC0DCF} = {5D05AAED-8D35-497D-9E4C-43F622265607}
		{234B5A62-DDC2-49CC-B8B6-3FE85D335A7F} = {5D05AAED-8D35-497D-9E4C-43F622265607}
		{C04A36B0-4A58-45D4-B95B-A4A58AFEBC95} = {4F177005-F63D-4FE1-B512-B0E177C676E7}
		{CCE46EF6-FAAC-40B9-AF1E-10B71BB6D54C} = {4F177005-F63D-4FE1-B512-B0E177C676E7}
		{B53FB937-C0B1-477E-94E0-17CFFC028F0A} = {FD881F60-F2C1-4570-88DE-D934426DB08D}
		{9F207B9E-4F20-4FDD-BC43-40DF417E526C} = {FD881F60-F2C1-4570-88DE-D934426DB08D}
		{4652A77F-C220-4294-974E-FB622CD8329D} = {FD881F60-F2C1-4570-88DE-D934426DB08D}
	EndGlobalSection
EndGlobal
